
Microsoft Visual Studio Solution File, Format Version 12.00
# Visual Studio Version 17
VisualStudioVersion = 17.14.36408.4 d17.14
MinimumVisualStudioVersion = 10.0.40219.1
Project("{FAE04EC0-301F-11D3-BF4B-00C04F79EFBC}") = "web", "web\web.csproj", "{A0AF0B02-198F-4158-BF1A-9E24E051B6CA}"
EndProject
Global
	GlobalSection(SolutionConfigurationPlatforms) = preSolution
		Debug|Any CPU = Debug|Any CPU
		Release|Any CPU = Release|Any CPU
	EndGlobalSection
	GlobalSection(ProjectConfigurationPlatforms) = postSolution
		{A0AF0B02-198F-4158-BF1A-9E24E051B6CA}.Debug|Any CPU.ActiveCfg = Debug|Any CPU
		{A0AF0B02-198F-4158-BF1A-9E24E051B6CA}.Debug|Any CPU.Build.0 = Debug|Any CPU
		{A0AF0B02-198F-4158-BF1A-9E24E051B6CA}.Release|Any CPU.ActiveCfg = Release|Any CPU
		{A0AF0B02-198F-4158-BF1A-9E24E051B6CA}.Release|Any CPU.Build.0 = Release|Any CPU
	EndGlobalSection
	GlobalSection(SolutionProperties) = preSolution
		HideSolutionNode = FALSE
	EndGlobalSection
	GlobalSection(ExtensibilityGlobals) = postSolution
		SolutionGuid = {3B7BF803-8F49-4294-9425-A06C3582CCC9}
	EndGlobalSection
EndGlobal
